// !$*UTF8*$!
{
	archiveVersion = 1;
	classes = {
	};
	objectVersion = 46;
	objects = {

/* Begin PBXBuildFile section */
		14C604110F053CE3D3730DA9 /* Pods_ConfluencePrototypeTests.framework in Frameworks */ = {isa = PBXBuildFile; fileRef = 70458C2376EA1F23000008D9 /* Pods_ConfluencePrototypeTests.framework */; };
		4C3DCC02EFA0D9BE87D6CF71 /* Pods_ConfluencePrototype.framework in Frameworks */ = {isa = PBXBuildFile; fileRef = 592BEE189282EB22475F34B1 /* Pods_ConfluencePrototype.framework */; };
		A467B6611F7BFCAA00B2B969 /* RegisterViewController.swift in Sources */ = {isa = PBXBuildFile; fileRef = A467B6601F7BFCAA00B2B969 /* RegisterViewController.swift */; };
		A467B6631F7C013200B2B969 /* User.swift in Sources */ = {isa = PBXBuildFile; fileRef = A467B6621F7C013200B2B969 /* User.swift */; };
		A467B66B1F7C138A00B2B969 /* Manager.swift in Sources */ = {isa = PBXBuildFile; fileRef = A467B66A1F7C138A00B2B969 /* Manager.swift */; };
		A467B66F1F7C259A00B2B969 /* JourneyViewController.swift in Sources */ = {isa = PBXBuildFile; fileRef = A467B66E1F7C259A00B2B969 /* JourneyViewController.swift */; };
		A467B67D1F7D796500B2B969 /* MyActivitiesViewController.swift in Sources */ = {isa = PBXBuildFile; fileRef = A467B67C1F7D796500B2B969 /* MyActivitiesViewController.swift */; };
		A467B67F1F7D79B100B2B969 /* EngagedActivitiesView.swift in Sources */ = {isa = PBXBuildFile; fileRef = A467B67E1F7D79B100B2B969 /* EngagedActivitiesView.swift */; };
		A467B6811F7D7C6200B2B969 /* SearchViewController.swift in Sources */ = {isa = PBXBuildFile; fileRef = A467B6801F7D7C6200B2B969 /* SearchViewController.swift */; };
		A47F82D71F758914004AC67A /* ActivityViewController.swift in Sources */ = {isa = PBXBuildFile; fileRef = A47F82D61F758914004AC67A /* ActivityViewController.swift */; };
		A47F82DF1F796011004AC67A /* EventAnnotation.swift in Sources */ = {isa = PBXBuildFile; fileRef = A47F82DE1F796011004AC67A /* EventAnnotation.swift */; };
		A47F82E31F796397004AC67A /* VCMapView.swift in Sources */ = {isa = PBXBuildFile; fileRef = A47F82E21F796397004AC67A /* VCMapView.swift */; };
		A47F82E51F797D61004AC67A /* EventUnit.swift in Sources */ = {isa = PBXBuildFile; fileRef = A47F82E41F797D61004AC67A /* EventUnit.swift */; };
		A47F82E71F798033004AC67A /* Repository.swift in Sources */ = {isa = PBXBuildFile; fileRef = A47F82E61F798033004AC67A /* Repository.swift */; };
		A47F82EC1F798272004AC67A /* MapKit.framework in Frameworks */ = {isa = PBXBuildFile; fileRef = A47F82EB1F798272004AC67A /* MapKit.framework */; };
		A47F82F21F799495004AC67A /* TutorialPageViewController.swift in Sources */ = {isa = PBXBuildFile; fileRef = A47F82F11F799495004AC67A /* TutorialPageViewController.swift */; };
		A4DFA56D1F7054DC0077BF82 /* AppDelegate.swift in Sources */ = {isa = PBXBuildFile; fileRef = A4DFA56C1F7054DC0077BF82 /* AppDelegate.swift */; };
		A4DFA56F1F7054DC0077BF82 /* MapViewController.swift in Sources */ = {isa = PBXBuildFile; fileRef = A4DFA56E1F7054DC0077BF82 /* MapViewController.swift */; };
		A4DFA5711F7054DC0077BF82 /* ProfileViewController.swift in Sources */ = {isa = PBXBuildFile; fileRef = A4DFA5701F7054DC0077BF82 /* ProfileViewController.swift */; };
		A4DFA5741F7054DC0077BF82 /* Main.storyboard in Resources */ = {isa = PBXBuildFile; fileRef = A4DFA5721F7054DC0077BF82 /* Main.storyboard */; };
		A4DFA5761F7054DC0077BF82 /* Assets.xcassets in Resources */ = {isa = PBXBuildFile; fileRef = A4DFA5751F7054DC0077BF82 /* Assets.xcassets */; };
		A4DFA5791F7054DD0077BF82 /* LaunchScreen.storyboard in Resources */ = {isa = PBXBuildFile; fileRef = A4DFA5771F7054DC0077BF82 /* LaunchScreen.storyboard */; };
		A4DFA5841F7054DD0077BF82 /* ConfluencePrototypeTests.swift in Sources */ = {isa = PBXBuildFile; fileRef = A4DFA5831F7054DD0077BF82 /* ConfluencePrototypeTests.swift */; };
		A4DFA58F1F7054DD0077BF82 /* ConfluencePrototypeUITests.swift in Sources */ = {isa = PBXBuildFile; fileRef = A4DFA58E1F7054DD0077BF82 /* ConfluencePrototypeUITests.swift */; };
		A4E942DD1F7EB46F004B5F26 /* GoogleService-Info.plist in Resources */ = {isa = PBXBuildFile; fileRef = A4E942DC1F7EB46F004B5F26 /* GoogleService-Info.plist */; };
		A4E942DF1F7EC8BA004B5F26 /* LocationSearchTable.swift in Sources */ = {isa = PBXBuildFile; fileRef = A4E942DE1F7EC8BA004B5F26 /* LocationSearchTable.swift */; };
		A4E9CCE61F7EE57D00D70DD8 /* SearchTableViewCell.swift in Sources */ = {isa = PBXBuildFile; fileRef = A4E9CCE51F7EE57D00D70DD8 /* SearchTableViewCell.swift */; };
		A4E9CCF91F7EF48F00D70DD8 /* engage.png in Resources */ = {isa = PBXBuildFile; fileRef = A4E9CCEA1F7EF48F00D70DD8 /* engage.png */; };
		A4E9CCFA1F7EF48F00D70DD8 /* footsteps-blue.png in Resources */ = {isa = PBXBuildFile; fileRef = A4E9CCEB1F7EF48F00D70DD8 /* footsteps-blue.png */; };
		A4E9CCFB1F7EF48F00D70DD8 /* footsteps-green.png in Resources */ = {isa = PBXBuildFile; fileRef = A4E9CCEC1F7EF48F00D70DD8 /* footsteps-green.png */; };
		A4E9CCFC1F7EF48F00D70DD8 /* footsteps-pink.png in Resources */ = {isa = PBXBuildFile; fileRef = A4E9CCED1F7EF48F00D70DD8 /* footsteps-pink.png */; };
		A4E9CCFD1F7EF48F00D70DD8 /* footsteps-yellow.png in Resources */ = {isa = PBXBuildFile; fileRef = A4E9CCEE1F7EF48F00D70DD8 /* footsteps-yellow.png */; };
		A4E9CCFE1F7EF48F00D70DD8 /* next.png in Resources */ = {isa = PBXBuildFile; fileRef = A4E9CCEF1F7EF48F00D70DD8 /* next.png */; };
		A4E9CCFF1F7EF48F00D70DD8 /* profile-header.png in Resources */ = {isa = PBXBuildFile; fileRef = A4E9CCF01F7EF48F00D70DD8 /* profile-header.png */; };
		A4E9CD001F7EF48F00D70DD8 /* profile-picture.png in Resources */ = {isa = PBXBuildFile; fileRef = A4E9CCF11F7EF48F00D70DD8 /* profile-picture.png */; };
		A4E9CD011F7EF48F00D70DD8 /* tab-discover.png in Resources */ = {isa = PBXBuildFile; fileRef = A4E9CCF21F7EF48F00D70DD8 /* tab-discover.png */; };
		A4E9CD031F7EF48F00D70DD8 /* tab-signpost.png in Resources */ = {isa = PBXBuildFile; fileRef = A4E9CCF41F7EF48F00D70DD8 /* tab-signpost.png */; };
		A4E9CD041F7EF48F00D70DD8 /* tutorial-bg-1.jpg in Resources */ = {isa = PBXBuildFile; fileRef = A4E9CCF51F7EF48F00D70DD8 /* tutorial-bg-1.jpg */; };
		A4E9CD051F7EF48F00D70DD8 /* tutorial-bg-2.jpg in Resources */ = {isa = PBXBuildFile; fileRef = A4E9CCF61F7EF48F00D70DD8 /* tutorial-bg-2.jpg */; };
		A4E9CD061F7EF48F00D70DD8 /* tutorial-bg-3.png in Resources */ = {isa = PBXBuildFile; fileRef = A4E9CCF71F7EF48F00D70DD8 /* tutorial-bg-3.png */; };
		A4E9CD071F7EF48F00D70DD8 /* tutorial-bg-4.jpg in Resources */ = {isa = PBXBuildFile; fileRef = A4E9CCF81F7EF48F00D70DD8 /* tutorial-bg-4.jpg */; };
		A4ECC4F31F7FCB5D006A8383 /* TabBarController.swift in Sources */ = {isa = PBXBuildFile; fileRef = A4ECC4F21F7FCB5D006A8383 /* TabBarController.swift */; };
		A4ECC4F51F7FECA2006A8383 /* EngagedTableViewCell.swift in Sources */ = {isa = PBXBuildFile; fileRef = A4ECC4F41F7FECA2006A8383 /* EngagedTableViewCell.swift */; };
		A4ECC4F71F7FEE09006A8383 /* MyActivitiesTableViewCell.swift in Sources */ = {isa = PBXBuildFile; fileRef = A4ECC4F61F7FEE09006A8383 /* MyActivitiesTableViewCell.swift */; };
		A4ECC4F91F7FF246006A8383 /* CreateEventViewController.swift in Sources */ = {isa = PBXBuildFile; fileRef = A4ECC4F81F7FF246006A8383 /* CreateEventViewController.swift */; };
		A4ECC4FB1F8029D0006A8383 /* button-add.png in Resources */ = {isa = PBXBuildFile; fileRef = A4ECC4FA1F8029D0006A8383 /* button-add.png */; };
		A4ECC4FD1F802ADC006A8383 /* myactivities.png in Resources */ = {isa = PBXBuildFile; fileRef = A4ECC4FC1F802ADC006A8383 /* myactivities.png */; };
		A4ECC5051F802F04006A8383 /* tab-profile.png in Resources */ = {isa = PBXBuildFile; fileRef = A4ECC5041F802F04006A8383 /* tab-profile.png */; };
		A4ECC5071F802F98006A8383 /* button-search.png in Resources */ = {isa = PBXBuildFile; fileRef = A4ECC5061F802F98006A8383 /* button-search.png */; };
		A4ECC5091F81270E006A8383 /* blank.png in Resources */ = {isa = PBXBuildFile; fileRef = A4ECC5081F81270E006A8383 /* blank.png */; };
		A4ECC50B1F812BB5006A8383 /* activity-location.png in Resources */ = {isa = PBXBuildFile; fileRef = A4ECC50A1F812BB5006A8383 /* activity-location.png */; };
		A4ECC50D1F813239006A8383 /* activity-picture.png in Resources */ = {isa = PBXBuildFile; fileRef = A4ECC50C1F813239006A8383 /* activity-picture.png */; };
		A4ECC50F1F815EF8006A8383 /* MapTableViewController.swift in Sources */ = {isa = PBXBuildFile; fileRef = A4ECC50E1F815EF8006A8383 /* MapTableViewController.swift */; };
		AAF1C6B03ACED1C76CC4B9EC /* Pods_ConfluencePrototypeUITests.framework in Frameworks */ = {isa = PBXBuildFile; fileRef = 6C8C8E5F1B292D70D5FB6D8E /* Pods_ConfluencePrototypeUITests.framework */; };
/* End PBXBuildFile section */

/* Begin PBXContainerItemProxy section */
		A4DFA5801F7054DD0077BF82 /* PBXContainerItemProxy */ = {
			isa = PBXContainerItemProxy;
			containerPortal = A4DFA5611F7054DC0077BF82 /* Project object */;
			proxyType = 1;
			remoteGlobalIDString = A4DFA5681F7054DC0077BF82;
			remoteInfo = ConfluencePrototype;
		};
		A4DFA58B1F7054DD0077BF82 /* PBXContainerItemProxy */ = {
			isa = PBXContainerItemProxy;
			containerPortal = A4DFA5611F7054DC0077BF82 /* Project object */;
			proxyType = 1;
			remoteGlobalIDString = A4DFA5681F7054DC0077BF82;
			remoteInfo = ConfluencePrototype;
		};
/* End PBXContainerItemProxy section */

/* Begin PBXFileReference section */
		185CAB1DD40D613795EED0A9 /* Pods-ConfluencePrototypeUITests.release.xcconfig */ = {isa = PBXFileReference; includeInIndex = 1; lastKnownFileType = text.xcconfig; name = "Pods-ConfluencePrototypeUITests.release.xcconfig"; path = "Pods/Target Support Files/Pods-ConfluencePrototypeUITests/Pods-ConfluencePrototypeUITests.release.xcconfig"; sourceTree = "<group>"; };
		592BEE189282EB22475F34B1 /* Pods_ConfluencePrototype.framework */ = {isa = PBXFileReference; explicitFileType = wrapper.framework; includeInIndex = 0; path = Pods_ConfluencePrototype.framework; sourceTree = BUILT_PRODUCTS_DIR; };
		5D7F628DF1E6BA131D7869C8 /* Pods-ConfluencePrototypeTests.debug.xcconfig */ = {isa = PBXFileReference; includeInIndex = 1; lastKnownFileType = text.xcconfig; name = "Pods-ConfluencePrototypeTests.debug.xcconfig"; path = "Pods/Target Support Files/Pods-ConfluencePrototypeTests/Pods-ConfluencePrototypeTests.debug.xcconfig"; sourceTree = "<group>"; };
		6C8C8E5F1B292D70D5FB6D8E /* Pods_ConfluencePrototypeUITests.framework */ = {isa = PBXFileReference; explicitFileType = wrapper.framework; includeInIndex = 0; path = Pods_ConfluencePrototypeUITests.framework; sourceTree = BUILT_PRODUCTS_DIR; };
		70458C2376EA1F23000008D9 /* Pods_ConfluencePrototypeTests.framework */ = {isa = PBXFileReference; explicitFileType = wrapper.framework; includeInIndex = 0; path = Pods_ConfluencePrototypeTests.framework; sourceTree = BUILT_PRODUCTS_DIR; };
		914CC176C7B0BDA19A5B82E5 /* Pods-ConfluencePrototype.debug.xcconfig */ = {isa = PBXFileReference; includeInIndex = 1; lastKnownFileType = text.xcconfig; name = "Pods-ConfluencePrototype.debug.xcconfig"; path = "Pods/Target Support Files/Pods-ConfluencePrototype/Pods-ConfluencePrototype.debug.xcconfig"; sourceTree = "<group>"; };
		A467B6601F7BFCAA00B2B969 /* RegisterViewController.swift */ = {isa = PBXFileReference; fileEncoding = 4; lastKnownFileType = sourcecode.swift; path = RegisterViewController.swift; sourceTree = "<group>"; };
		A467B6621F7C013200B2B969 /* User.swift */ = {isa = PBXFileReference; fileEncoding = 4; lastKnownFileType = sourcecode.swift; path = User.swift; sourceTree = "<group>"; };
		A467B66A1F7C138A00B2B969 /* Manager.swift */ = {isa = PBXFileReference; fileEncoding = 4; lastKnownFileType = sourcecode.swift; path = Manager.swift; sourceTree = "<group>"; };
		A467B66E1F7C259A00B2B969 /* JourneyViewController.swift */ = {isa = PBXFileReference; fileEncoding = 4; lastKnownFileType = sourcecode.swift; path = JourneyViewController.swift; sourceTree = "<group>"; };
		A467B67C1F7D796500B2B969 /* MyActivitiesViewController.swift */ = {isa = PBXFileReference; fileEncoding = 4; lastKnownFileType = sourcecode.swift; name = MyActivitiesViewController.swift; path = ../MyActivitiesViewController.swift; sourceTree = "<group>"; };
		A467B67E1F7D79B100B2B969 /* EngagedActivitiesView.swift */ = {isa = PBXFileReference; fileEncoding = 4; lastKnownFileType = sourcecode.swift; path = EngagedActivitiesView.swift; sourceTree = "<group>"; };
		A467B6801F7D7C6200B2B969 /* SearchViewController.swift */ = {isa = PBXFileReference; fileEncoding = 4; lastKnownFileType = sourcecode.swift; name = SearchViewController.swift; path = ../SearchViewController.swift; sourceTree = "<group>"; };
		A47F82D61F758914004AC67A /* ActivityViewController.swift */ = {isa = PBXFileReference; fileEncoding = 4; lastKnownFileType = sourcecode.swift; name = ActivityViewController.swift; path = ../ActivityViewController.swift; sourceTree = "<group>"; };
		A47F82DE1F796011004AC67A /* EventAnnotation.swift */ = {isa = PBXFileReference; fileEncoding = 4; lastKnownFileType = sourcecode.swift; path = EventAnnotation.swift; sourceTree = "<group>"; };
		A47F82E21F796397004AC67A /* VCMapView.swift */ = {isa = PBXFileReference; fileEncoding = 4; lastKnownFileType = sourcecode.swift; name = VCMapView.swift; path = ../VCMapView.swift; sourceTree = "<group>"; };
		A47F82E41F797D61004AC67A /* EventUnit.swift */ = {isa = PBXFileReference; fileEncoding = 4; lastKnownFileType = sourcecode.swift; path = EventUnit.swift; sourceTree = "<group>"; };
		A47F82E61F798033004AC67A /* Repository.swift */ = {isa = PBXFileReference; fileEncoding = 4; lastKnownFileType = sourcecode.swift; path = Repository.swift; sourceTree = "<group>"; };
		A47F82EB1F798272004AC67A /* MapKit.framework */ = {isa = PBXFileReference; lastKnownFileType = wrapper.framework; name = MapKit.framework; path = System/Library/Frameworks/MapKit.framework; sourceTree = SDKROOT; };
		A47F82F11F799495004AC67A /* TutorialPageViewController.swift */ = {isa = PBXFileReference; fileEncoding = 4; lastKnownFileType = sourcecode.swift; path = TutorialPageViewController.swift; sourceTree = "<group>"; };
		A4DFA5691F7054DC0077BF82 /* ConfluencePrototype.app */ = {isa = PBXFileReference; explicitFileType = wrapper.application; includeInIndex = 0; path = ConfluencePrototype.app; sourceTree = BUILT_PRODUCTS_DIR; };
		A4DFA56C1F7054DC0077BF82 /* AppDelegate.swift */ = {isa = PBXFileReference; lastKnownFileType = sourcecode.swift; path = AppDelegate.swift; sourceTree = "<group>"; };
		A4DFA56E1F7054DC0077BF82 /* MapViewController.swift */ = {isa = PBXFileReference; lastKnownFileType = sourcecode.swift; path = MapViewController.swift; sourceTree = "<group>"; };
		A4DFA5701F7054DC0077BF82 /* ProfileViewController.swift */ = {isa = PBXFileReference; lastKnownFileType = sourcecode.swift; path = ProfileViewController.swift; sourceTree = "<group>"; };
		A4DFA5731F7054DC0077BF82 /* Base */ = {isa = PBXFileReference; lastKnownFileType = file.storyboard; name = Base; path = Base.lproj/Main.storyboard; sourceTree = "<group>"; };
		A4DFA5751F7054DC0077BF82 /* Assets.xcassets */ = {isa = PBXFileReference; lastKnownFileType = folder.assetcatalog; path = Assets.xcassets; sourceTree = "<group>"; };
		A4DFA5781F7054DC0077BF82 /* Base */ = {isa = PBXFileReference; lastKnownFileType = file.storyboard; name = Base; path = Base.lproj/LaunchScreen.storyboard; sourceTree = "<group>"; };
		A4DFA57A1F7054DD0077BF82 /* Info.plist */ = {isa = PBXFileReference; lastKnownFileType = text.plist.xml; path = Info.plist; sourceTree = "<group>"; };
		A4DFA57F1F7054DD0077BF82 /* ConfluencePrototypeTests.xctest */ = {isa = PBXFileReference; explicitFileType = wrapper.cfbundle; includeInIndex = 0; path = ConfluencePrototypeTests.xctest; sourceTree = BUILT_PRODUCTS_DIR; };
		A4DFA5831F7054DD0077BF82 /* ConfluencePrototypeTests.swift */ = {isa = PBXFileReference; lastKnownFileType = sourcecode.swift; path = ConfluencePrototypeTests.swift; sourceTree = "<group>"; };
		A4DFA5851F7054DD0077BF82 /* Info.plist */ = {isa = PBXFileReference; lastKnownFileType = text.plist.xml; path = Info.plist; sourceTree = "<group>"; };
		A4DFA58A1F7054DD0077BF82 /* ConfluencePrototypeUITests.xctest */ = {isa = PBXFileReference; explicitFileType = wrapper.cfbundle; includeInIndex = 0; path = ConfluencePrototypeUITests.xctest; sourceTree = BUILT_PRODUCTS_DIR; };
		A4DFA58E1F7054DD0077BF82 /* ConfluencePrototypeUITests.swift */ = {isa = PBXFileReference; lastKnownFileType = sourcecode.swift; path = ConfluencePrototypeUITests.swift; sourceTree = "<group>"; };
		A4DFA5901F7054DD0077BF82 /* Info.plist */ = {isa = PBXFileReference; lastKnownFileType = text.plist.xml; path = Info.plist; sourceTree = "<group>"; };
		A4E942DC1F7EB46F004B5F26 /* GoogleService-Info.plist */ = {isa = PBXFileReference; fileEncoding = 4; lastKnownFileType = text.plist.xml; name = "GoogleService-Info.plist"; path = "../../../Downloads/GoogleService-Info.plist"; sourceTree = "<group>"; };
		A4E942DE1F7EC8BA004B5F26 /* LocationSearchTable.swift */ = {isa = PBXFileReference; fileEncoding = 4; lastKnownFileType = sourcecode.swift; path = LocationSearchTable.swift; sourceTree = "<group>"; };
		A4E9CCE51F7EE57D00D70DD8 /* SearchTableViewCell.swift */ = {isa = PBXFileReference; fileEncoding = 4; lastKnownFileType = sourcecode.swift; name = SearchTableViewCell.swift; path = ../SearchTableViewCell.swift; sourceTree = "<group>"; };
		A4E9CCEA1F7EF48F00D70DD8 /* engage.png */ = {isa = PBXFileReference; lastKnownFileType = image.png; name = engage.png; path = Assets/engage.png; sourceTree = "<group>"; };
		A4E9CCEB1F7EF48F00D70DD8 /* footsteps-blue.png */ = {isa = PBXFileReference; lastKnownFileType = image.png; name = "footsteps-blue.png"; path = "Assets/footsteps-blue.png"; sourceTree = "<group>"; };
		A4E9CCEC1F7EF48F00D70DD8 /* footsteps-green.png */ = {isa = PBXFileReference; lastKnownFileType = image.png; name = "footsteps-green.png"; path = "Assets/footsteps-green.png"; sourceTree = "<group>"; };
		A4E9CCED1F7EF48F00D70DD8 /* footsteps-pink.png */ = {isa = PBXFileReference; lastKnownFileType = image.png; name = "footsteps-pink.png"; path = "Assets/footsteps-pink.png"; sourceTree = "<group>"; };
		A4E9CCEE1F7EF48F00D70DD8 /* footsteps-yellow.png */ = {isa = PBXFileReference; lastKnownFileType = image.png; name = "footsteps-yellow.png"; path = "Assets/footsteps-yellow.png"; sourceTree = "<group>"; };
		A4E9CCEF1F7EF48F00D70DD8 /* next.png */ = {isa = PBXFileReference; lastKnownFileType = image.png; name = next.png; path = Assets/next.png; sourceTree = "<group>"; };
		A4E9CCF01F7EF48F00D70DD8 /* profile-header.png */ = {isa = PBXFileReference; lastKnownFileType = image.png; name = "profile-header.png"; path = "Assets/profile-header.png"; sourceTree = "<group>"; };
		A4E9CCF11F7EF48F00D70DD8 /* profile-picture.png */ = {isa = PBXFileReference; lastKnownFileType = image.png; name = "profile-picture.png"; path = "Assets/profile-picture.png"; sourceTree = "<group>"; };
		A4E9CCF21F7EF48F00D70DD8 /* tab-discover.png */ = {isa = PBXFileReference; lastKnownFileType = image.png; name = "tab-discover.png"; path = "Assets/tab-discover.png"; sourceTree = "<group>"; };
		A4E9CCF41F7EF48F00D70DD8 /* tab-signpost.png */ = {isa = PBXFileReference; lastKnownFileType = image.png; name = "tab-signpost.png"; path = "Assets/tab-signpost.png"; sourceTree = "<group>"; };
		A4E9CCF51F7EF48F00D70DD8 /* tutorial-bg-1.jpg */ = {isa = PBXFileReference; lastKnownFileType = image.jpeg; name = "tutorial-bg-1.jpg"; path = "Assets/tutorial-bg-1.jpg"; sourceTree = "<group>"; };
		A4E9CCF61F7EF48F00D70DD8 /* tutorial-bg-2.jpg */ = {isa = PBXFileReference; lastKnownFileType = image.jpeg; name = "tutorial-bg-2.jpg"; path = "Assets/tutorial-bg-2.jpg"; sourceTree = "<group>"; };
		A4E9CCF71F7EF48F00D70DD8 /* tutorial-bg-3.png */ = {isa = PBXFileReference; lastKnownFileType = image.png; name = "tutorial-bg-3.png"; path = "Assets/tutorial-bg-3.png"; sourceTree = "<group>"; };
		A4E9CCF81F7EF48F00D70DD8 /* tutorial-bg-4.jpg */ = {isa = PBXFileReference; lastKnownFileType = image.jpeg; name = "tutorial-bg-4.jpg"; path = "Assets/tutorial-bg-4.jpg"; sourceTree = "<group>"; };
		A4ECC4F21F7FCB5D006A8383 /* TabBarController.swift */ = {isa = PBXFileReference; fileEncoding = 4; lastKnownFileType = sourcecode.swift; path = TabBarController.swift; sourceTree = "<group>"; };
		A4ECC4F41F7FECA2006A8383 /* EngagedTableViewCell.swift */ = {isa = PBXFileReference; fileEncoding = 4; lastKnownFileType = sourcecode.swift; path = EngagedTableViewCell.swift; sourceTree = "<group>"; };
		A4ECC4F61F7FEE09006A8383 /* MyActivitiesTableViewCell.swift */ = {isa = PBXFileReference; fileEncoding = 4; lastKnownFileType = sourcecode.swift; path = MyActivitiesTableViewCell.swift; sourceTree = "<group>"; };
		A4ECC4F81F7FF246006A8383 /* CreateEventViewController.swift */ = {isa = PBXFileReference; fileEncoding = 4; lastKnownFileType = sourcecode.swift; path = CreateEventViewController.swift; sourceTree = "<group>"; };
		A4ECC4FA1F8029D0006A8383 /* button-add.png */ = {isa = PBXFileReference; lastKnownFileType = image.png; name = "button-add.png"; path = "Assets/button-add.png"; sourceTree = SOURCE_ROOT; };
		A4ECC4FC1F802ADC006A8383 /* myactivities.png */ = {isa = PBXFileReference; lastKnownFileType = image.png; name = myactivities.png; path = Assets/myactivities.png; sourceTree = "<group>"; };
		A4ECC5041F802F04006A8383 /* tab-profile.png */ = {isa = PBXFileReference; lastKnownFileType = image.png; name = "tab-profile.png"; path = "../../Downloads/tab-profile.png"; sourceTree = "<group>"; };
		A4ECC5061F802F98006A8383 /* button-search.png */ = {isa = PBXFileReference; lastKnownFileType = image.png; name = "button-search.png"; path = "../../Downloads/button-search.png"; sourceTree = "<group>"; };
		A4ECC5081F81270E006A8383 /* blank.png */ = {isa = PBXFileReference; lastKnownFileType = image.png; name = blank.png; path = ../../Desktop/blank.png; sourceTree = "<group>"; };
		A4ECC50A1F812BB5006A8383 /* activity-location.png */ = {isa = PBXFileReference; lastKnownFileType = image.png; name = "activity-location.png"; path = "../../Downloads/activity-location.png"; sourceTree = "<group>"; };
		A4ECC50C1F813239006A8383 /* activity-picture.png */ = {isa = PBXFileReference; lastKnownFileType = image.png; name = "activity-picture.png"; path = "../../Downloads/activity-picture.png"; sourceTree = "<group>"; };
		A4ECC50E1F815EF8006A8383 /* MapTableViewController.swift */ = {isa = PBXFileReference; fileEncoding = 4; lastKnownFileType = sourcecode.swift; path = MapTableViewController.swift; sourceTree = "<group>"; };
		B79E2161A525855A44853089 /* Pods-ConfluencePrototype.release.xcconfig */ = {isa = PBXFileReference; includeInIndex = 1; lastKnownFileType = text.xcconfig; name = "Pods-ConfluencePrototype.release.xcconfig"; path = "Pods/Target Support Files/Pods-ConfluencePrototype/Pods-ConfluencePrototype.release.xcconfig"; sourceTree = "<group>"; };
		CAD9D05FE5C5BB1048DDE737 /* Pods-ConfluencePrototypeUITests.debug.xcconfig */ = {isa = PBXFileReference; includeInIndex = 1; lastKnownFileType = text.xcconfig; name = "Pods-ConfluencePrototypeUITests.debug.xcconfig"; path = "Pods/Target Support Files/Pods-ConfluencePrototypeUITests/Pods-ConfluencePrototypeUITests.debug.xcconfig"; sourceTree = "<group>"; };
		F0E9BC9AF6C1337E99173BFE /* Pods-ConfluencePrototypeTests.release.xcconfig */ = {isa = PBXFileReference; includeInIndex = 1; lastKnownFileType = text.xcconfig; name = "Pods-ConfluencePrototypeTests.release.xcconfig"; path = "Pods/Target Support Files/Pods-ConfluencePrototypeTests/Pods-ConfluencePrototypeTests.release.xcconfig"; sourceTree = "<group>"; };
/* End PBXFileReference section */

/* Begin PBXFrameworksBuildPhase section */
		A4DFA5661F7054DC0077BF82 /* Frameworks */ = {
			isa = PBXFrameworksBuildPhase;
			buildActionMask = 2147483647;
			files = (
				A47F82EC1F798272004AC67A /* MapKit.framework in Frameworks */,
				4C3DCC02EFA0D9BE87D6CF71 /* Pods_ConfluencePrototype.framework in Frameworks */,
			);
			runOnlyForDeploymentPostprocessing = 0;
		};
		A4DFA57C1F7054DD0077BF82 /* Frameworks */ = {
			isa = PBXFrameworksBuildPhase;
			buildActionMask = 2147483647;
			files = (
				14C604110F053CE3D3730DA9 /* Pods_ConfluencePrototypeTests.framework in Frameworks */,
			);
			runOnlyForDeploymentPostprocessing = 0;
		};
		A4DFA5871F7054DD0077BF82 /* Frameworks */ = {
			isa = PBXFrameworksBuildPhase;
			buildActionMask = 2147483647;
			files = (
				AAF1C6B03ACED1C76CC4B9EC /* Pods_ConfluencePrototypeUITests.framework in Frameworks */,
			);
			runOnlyForDeploymentPostprocessing = 0;
		};
/* End PBXFrameworksBuildPhase section */

/* Begin PBXGroup section */
		A47F82E81F79826B004AC67A /* Frameworks */ = {
			isa = PBXGroup;
			children = (
				A47F82EB1F798272004AC67A /* MapKit.framework */,
				592BEE189282EB22475F34B1 /* Pods_ConfluencePrototype.framework */,
				70458C2376EA1F23000008D9 /* Pods_ConfluencePrototypeTests.framework */,
				6C8C8E5F1B292D70D5FB6D8E /* Pods_ConfluencePrototypeUITests.framework */,
			);
			name = Frameworks;
			sourceTree = "<group>";
		};
		A4DFA5601F7054DC0077BF82 = {
			isa = PBXGroup;
			children = (
				A4E9CCE71F7EECBA00D70DD8 /* Assets */,
				A4DFA56B1F7054DC0077BF82 /* ConfluencePrototype */,
				A4DFA58D1F7054DD0077BF82 /* ConfluencePrototypeUITests */,
				A4DFA56A1F7054DC0077BF82 /* Products */,
				A4DFA5821F7054DD0077BF82 /* ConfluencePrototypeTests */,
				A47F82E81F79826B004AC67A /* Frameworks */,
				E82F1BE60D9947BC4A37C47D /* Pods */,
			);
			sourceTree = "<group>";
		};
		A4DFA56A1F7054DC0077BF82 /* Products */ = {
			isa = PBXGroup;
			children = (
				A4DFA5691F7054DC0077BF82 /* ConfluencePrototype.app */,
				A4DFA57F1F7054DD0077BF82 /* ConfluencePrototypeTests.xctest */,
				A4DFA58A1F7054DD0077BF82 /* ConfluencePrototypeUITests.xctest */,
			);
			name = Products;
			sourceTree = "<group>";
		};
		A4DFA56B1F7054DC0077BF82 /* ConfluencePrototype */ = {
			isa = PBXGroup;
			children = (
				A4ECC4F21F7FCB5D006A8383 /* TabBarController.swift */,
				A4E942DC1F7EB46F004B5F26 /* GoogleService-Info.plist */,
				A4E9CCE51F7EE57D00D70DD8 /* SearchTableViewCell.swift */,
				A4ECC4F41F7FECA2006A8383 /* EngagedTableViewCell.swift */,
				A47F82E21F796397004AC67A /* VCMapView.swift */,
				A467B6801F7D7C6200B2B969 /* SearchViewController.swift */,
				A47F82D61F758914004AC67A /* ActivityViewController.swift */,
				A467B67C1F7D796500B2B969 /* MyActivitiesViewController.swift */,
				A467B67E1F7D79B100B2B969 /* EngagedActivitiesView.swift */,
				A4ECC4F61F7FEE09006A8383 /* MyActivitiesTableViewCell.swift */,
				A4DFA56C1F7054DC0077BF82 /* AppDelegate.swift */,
				A4DFA56E1F7054DC0077BF82 /* MapViewController.swift */,
				A4E942DE1F7EC8BA004B5F26 /* LocationSearchTable.swift */,
				A4DFA5701F7054DC0077BF82 /* ProfileViewController.swift */,
				A4DFA5721F7054DC0077BF82 /* Main.storyboard */,
				A4ECC50E1F815EF8006A8383 /* MapTableViewController.swift */,
				A4ECC4F81F7FF246006A8383 /* CreateEventViewController.swift */,
				A467B66E1F7C259A00B2B969 /* JourneyViewController.swift */,
				A467B6601F7BFCAA00B2B969 /* RegisterViewController.swift */,
				A467B6621F7C013200B2B969 /* User.swift */,
				A47F82DE1F796011004AC67A /* EventAnnotation.swift */,
				A47F82E41F797D61004AC67A /* EventUnit.swift */,
				A47F82E61F798033004AC67A /* Repository.swift */,
				A467B66A1F7C138A00B2B969 /* Manager.swift */,
				A47F82F11F799495004AC67A /* TutorialPageViewController.swift */,
				A4DFA5751F7054DC0077BF82 /* Assets.xcassets */,
				A4DFA5771F7054DC0077BF82 /* LaunchScreen.storyboard */,
				A4DFA57A1F7054DD0077BF82 /* Info.plist */,
			);
			path = ConfluencePrototype;
			sourceTree = "<group>";
		};
		A4DFA5821F7054DD0077BF82 /* ConfluencePrototypeTests */ = {
			isa = PBXGroup;
			children = (
				A4DFA5831F7054DD0077BF82 /* ConfluencePrototypeTests.swift */,
				A4DFA5851F7054DD0077BF82 /* Info.plist */,
			);
			path = ConfluencePrototypeTests;
			sourceTree = "<group>";
		};
		A4DFA58D1F7054DD0077BF82 /* ConfluencePrototypeUITests */ = {
			isa = PBXGroup;
			children = (
				A4DFA58E1F7054DD0077BF82 /* ConfluencePrototypeUITests.swift */,
				A4DFA5901F7054DD0077BF82 /* Info.plist */,
			);
			path = ConfluencePrototypeUITests;
			sourceTree = "<group>";
		};
		A4E9CCE71F7EECBA00D70DD8 /* Assets */ = {
			isa = PBXGroup;
			children = (
				A4ECC50C1F813239006A8383 /* activity-picture.png */,
				A4ECC4FA1F8029D0006A8383 /* button-add.png */,
				A4ECC5061F802F98006A8383 /* button-search.png */,
				A4E9CCEA1F7EF48F00D70DD8 /* engage.png */,
				A4E9CCEB1F7EF48F00D70DD8 /* footsteps-blue.png */,
				A4E9CCEC1F7EF48F00D70DD8 /* footsteps-green.png */,
				A4E9CCED1F7EF48F00D70DD8 /* footsteps-pink.png */,
				A4E9CCEE1F7EF48F00D70DD8 /* footsteps-yellow.png */,
				A4ECC4FC1F802ADC006A8383 /* myactivities.png */,
				A4E9CCEF1F7EF48F00D70DD8 /* next.png */,
				A4ECC50A1F812BB5006A8383 /* activity-location.png */,
				A4E9CCF01F7EF48F00D70DD8 /* profile-header.png */,
				A4E9CCF11F7EF48F00D70DD8 /* profile-picture.png */,
				A4E9CCF21F7EF48F00D70DD8 /* tab-discover.png */,
				A4E9CCF41F7EF48F00D70DD8 /* tab-signpost.png */,
				A4E9CCF51F7EF48F00D70DD8 /* tutorial-bg-1.jpg */,
				A4ECC5041F802F04006A8383 /* tab-profile.png */,
				A4E9CCF61F7EF48F00D70DD8 /* tutorial-bg-2.jpg */,
				A4E9CCF71F7EF48F00D70DD8 /* tutorial-bg-3.png */,
				A4E9CCF81F7EF48F00D70DD8 /* tutorial-bg-4.jpg */,
				A4ECC5081F81270E006A8383 /* blank.png */,
			);
			name = Assets;
			sourceTree = "<group>";
		};
		E82F1BE60D9947BC4A37C47D /* Pods */ = {
			isa = PBXGroup;
			children = (
				914CC176C7B0BDA19A5B82E5 /* Pods-ConfluencePrototype.debug.xcconfig */,
				B79E2161A525855A44853089 /* Pods-ConfluencePrototype.release.xcconfig */,
				5D7F628DF1E6BA131D7869C8 /* Pods-ConfluencePrototypeTests.debug.xcconfig */,
				F0E9BC9AF6C1337E99173BFE /* Pods-ConfluencePrototypeTests.release.xcconfig */,
				CAD9D05FE5C5BB1048DDE737 /* Pods-ConfluencePrototypeUITests.debug.xcconfig */,
				185CAB1DD40D613795EED0A9 /* Pods-ConfluencePrototypeUITests.release.xcconfig */,
			);
			name = Pods;
			sourceTree = "<group>";
		};
/* End PBXGroup section */

/* Begin PBXNativeTarget section */
		A4DFA5681F7054DC0077BF82 /* ConfluencePrototype */ = {
			isa = PBXNativeTarget;
			buildConfigurationList = A4DFA5931F7054DD0077BF82 /* Build configuration list for PBXNativeTarget "ConfluencePrototype" */;
			buildPhases = (
				15ECE882006543A487C7D628 /* [CP] Check Pods Manifest.lock */,
				A4DFA5651F7054DC0077BF82 /* Sources */,
				A4DFA5661F7054DC0077BF82 /* Frameworks */,
				A4DFA5671F7054DC0077BF82 /* Resources */,
				BBA7B0C21CA491A1D17B789D /* [CP] Embed Pods Frameworks */,
				2FDD7BA735AE7514FB2EA56A /* [CP] Copy Pods Resources */,
			);
			buildRules = (
			);
			dependencies = (
			);
			name = ConfluencePrototype;
			productName = ConfluencePrototype;
			productReference = A4DFA5691F7054DC0077BF82 /* ConfluencePrototype.app */;
			productType = "com.apple.product-type.application";
		};
		A4DFA57E1F7054DD0077BF82 /* ConfluencePrototypeTests */ = {
			isa = PBXNativeTarget;
			buildConfigurationList = A4DFA5961F7054DD0077BF82 /* Build configuration list for PBXNativeTarget "ConfluencePrototypeTests" */;
			buildPhases = (
				1E491A862EED4BC71EF92F5E /* [CP] Check Pods Manifest.lock */,
				A4DFA57B1F7054DD0077BF82 /* Sources */,
				A4DFA57C1F7054DD0077BF82 /* Frameworks */,
				A4DFA57D1F7054DD0077BF82 /* Resources */,
				9E42E772E6CFD0A0C4DEBF2B /* [CP] Embed Pods Frameworks */,
				E79B6CA1724559C9A9FAFA0F /* [CP] Copy Pods Resources */,
			);
			buildRules = (
			);
			dependencies = (
				A4DFA5811F7054DD0077BF82 /* PBXTargetDependency */,
			);
			name = ConfluencePrototypeTests;
			productName = ConfluencePrototypeTests;
			productReference = A4DFA57F1F7054DD0077BF82 /* ConfluencePrototypeTests.xctest */;
			productType = "com.apple.product-type.bundle.unit-test";
		};
		A4DFA5891F7054DD0077BF82 /* ConfluencePrototypeUITests */ = {
			isa = PBXNativeTarget;
			buildConfigurationList = A4DFA5991F7054DD0077BF82 /* Build configuration list for PBXNativeTarget "ConfluencePrototypeUITests" */;
			buildPhases = (
				71D00B583ED2F5CBADD7D7EB /* [CP] Check Pods Manifest.lock */,
				A4DFA5861F7054DD0077BF82 /* Sources */,
				A4DFA5871F7054DD0077BF82 /* Frameworks */,
				A4DFA5881F7054DD0077BF82 /* Resources */,
				F3AE7D56F39CE8D674E066C6 /* [CP] Embed Pods Frameworks */,
				5186540A633390EDA42DA1F0 /* [CP] Copy Pods Resources */,
			);
			buildRules = (
			);
			dependencies = (
				A4DFA58C1F7054DD0077BF82 /* PBXTargetDependency */,
			);
			name = ConfluencePrototypeUITests;
			productName = ConfluencePrototypeUITests;
			productReference = A4DFA58A1F7054DD0077BF82 /* ConfluencePrototypeUITests.xctest */;
			productType = "com.apple.product-type.bundle.ui-testing";
		};
/* End PBXNativeTarget section */

/* Begin PBXProject section */
		A4DFA5611F7054DC0077BF82 /* Project object */ = {
			isa = PBXProject;
			attributes = {
				LastSwiftUpdateCheck = 0830;
				LastUpgradeCheck = 0830;
				ORGANIZATIONNAME = "Gabriel D'Luca Souza Viana";
				TargetAttributes = {
					A4DFA5681F7054DC0077BF82 = {
						CreatedOnToolsVersion = 8.3.3;
						DevelopmentTeam = NEW6GCULKR;
						ProvisioningStyle = Automatic;
						SystemCapabilities = {
							com.apple.Maps.iOS = {
								enabled = 1;
							};
						};
					};
					A4DFA57E1F7054DD0077BF82 = {
						CreatedOnToolsVersion = 8.3.3;
						ProvisioningStyle = Automatic;
						TestTargetID = A4DFA5681F7054DC0077BF82;
					};
					A4DFA5891F7054DD0077BF82 = {
						CreatedOnToolsVersion = 8.3.3;
						ProvisioningStyle = Automatic;
						TestTargetID = A4DFA5681F7054DC0077BF82;
					};
				};
			};
			buildConfigurationList = A4DFA5641F7054DC0077BF82 /* Build configuration list for PBXProject "ConfluencePrototype" */;
			compatibilityVersion = "Xcode 3.2";
			developmentRegion = English;
			hasScannedForEncodings = 0;
			knownRegions = (
				en,
				Base,
			);
			mainGroup = A4DFA5601F7054DC0077BF82;
			productRefGroup = A4DFA56A1F7054DC0077BF82 /* Products */;
			projectDirPath = "";
			projectRoot = "";
			targets = (
				A4DFA5681F7054DC0077BF82 /* ConfluencePrototype */,
				A4DFA57E1F7054DD0077BF82 /* ConfluencePrototypeTests */,
				A4DFA5891F7054DD0077BF82 /* ConfluencePrototypeUITests */,
			);
		};
/* End PBXProject section */

/* Begin PBXResourcesBuildPhase section */
		A4DFA5671F7054DC0077BF82 /* Resources */ = {
			isa = PBXResourcesBuildPhase;
			buildActionMask = 2147483647;
			files = (
				A4DFA5791F7054DD0077BF82 /* LaunchScreen.storyboard in Resources */,
				A4E9CCFA1F7EF48F00D70DD8 /* footsteps-blue.png in Resources */,
				A4E9CCF91F7EF48F00D70DD8 /* engage.png in Resources */,
				A4ECC50B1F812BB5006A8383 /* activity-location.png in Resources */,
				A4E9CCFC1F7EF48F00D70DD8 /* footsteps-pink.png in Resources */,
				A4E9CD001F7EF48F00D70DD8 /* profile-picture.png in Resources */,
				A4E9CD051F7EF48F00D70DD8 /* tutorial-bg-2.jpg in Resources */,
				A4E942DD1F7EB46F004B5F26 /* GoogleService-Info.plist in Resources */,
				A4E9CCFD1F7EF48F00D70DD8 /* footsteps-yellow.png in Resources */,
				A4ECC4FD1F802ADC006A8383 /* myactivities.png in Resources */,
				A4ECC50D1F813239006A8383 /* activity-picture.png in Resources */,
				A4ECC5051F802F04006A8383 /* tab-profile.png in Resources */,
				A4E9CD061F7EF48F00D70DD8 /* tutorial-bg-3.png in Resources */,
				A4ECC5071F802F98006A8383 /* button-search.png in Resources */,
				A4E9CCFE1F7EF48F00D70DD8 /* next.png in Resources */,
				A4E9CD041F7EF48F00D70DD8 /* tutorial-bg-1.jpg in Resources */,
				A4ECC5091F81270E006A8383 /* blank.png in Resources */,
				A4DFA5761F7054DC0077BF82 /* Assets.xcassets in Resources */,
				A4E9CD011F7EF48F00D70DD8 /* tab-discover.png in Resources */,
				A4DFA5741F7054DC0077BF82 /* Main.storyboard in Resources */,
				A4E9CCFF1F7EF48F00D70DD8 /* profile-header.png in Resources */,
				A4ECC4FB1F8029D0006A8383 /* button-add.png in Resources */,
				A4E9CD071F7EF48F00D70DD8 /* tutorial-bg-4.jpg in Resources */,
				A4E9CCFB1F7EF48F00D70DD8 /* footsteps-green.png in Resources */,
				A4E9CD031F7EF48F00D70DD8 /* tab-signpost.png in Resources */,
			);
			runOnlyForDeploymentPostprocessing = 0;
		};
		A4DFA57D1F7054DD0077BF82 /* Resources */ = {
			isa = PBXResourcesBuildPhase;
			buildActionMask = 2147483647;
			files = (
			);
			runOnlyForDeploymentPostprocessing = 0;
		};
		A4DFA5881F7054DD0077BF82 /* Resources */ = {
			isa = PBXResourcesBuildPhase;
			buildActionMask = 2147483647;
			files = (
			);
			runOnlyForDeploymentPostprocessing = 0;
		};
/* End PBXResourcesBuildPhase section */

/* Begin PBXShellScriptBuildPhase section */
		15ECE882006543A487C7D628 /* [CP] Check Pods Manifest.lock */ = {
			isa = PBXShellScriptBuildPhase;
			buildActionMask = 2147483647;
			files = (
			);
			inputPaths = (
				"${PODS_PODFILE_DIR_PATH}/Podfile.lock",
				"${PODS_ROOT}/Manifest.lock",
			);
			name = "[CP] Check Pods Manifest.lock";
			outputPaths = (
				"$(DERIVED_FILE_DIR)/Pods-ConfluencePrototype-checkManifestLockResult.txt",
			);
			runOnlyForDeploymentPostprocessing = 0;
			shellPath = /bin/sh;
			shellScript = "diff \"${PODS_PODFILE_DIR_PATH}/Podfile.lock\" \"${PODS_ROOT}/Manifest.lock\" > /dev/null\nif [ $? != 0 ] ; then\n    # print error to STDERR\n    echo \"error: The sandbox is not in sync with the Podfile.lock. Run 'pod install' or update your CocoaPods installation.\" >&2\n    exit 1\nfi\n# This output is used by Xcode 'outputs' to avoid re-running this script phase.\necho \"SUCCESS\" > \"${SCRIPT_OUTPUT_FILE_0}\"\n";
			showEnvVarsInLog = 0;
		};
		1E491A862EED4BC71EF92F5E /* [CP] Check Pods Manifest.lock */ = {
			isa = PBXShellScriptBuildPhase;
			buildActionMask = 2147483647;
			files = (
			);
			inputPaths = (
				"${PODS_PODFILE_DIR_PATH}/Podfile.lock",
				"${PODS_ROOT}/Manifest.lock",
			);
			name = "[CP] Check Pods Manifest.lock";
			outputPaths = (
				"$(DERIVED_FILE_DIR)/Pods-ConfluencePrototypeTests-checkManifestLockResult.txt",
			);
			runOnlyForDeploymentPostprocessing = 0;
			shellPath = /bin/sh;
			shellScript = "diff \"${PODS_PODFILE_DIR_PATH}/Podfile.lock\" \"${PODS_ROOT}/Manifest.lock\" > /dev/null\nif [ $? != 0 ] ; then\n    # print error to STDERR\n    echo \"error: The sandbox is not in sync with the Podfile.lock. Run 'pod install' or update your CocoaPods installation.\" >&2\n    exit 1\nfi\n# This output is used by Xcode 'outputs' to avoid re-running this script phase.\necho \"SUCCESS\" > \"${SCRIPT_OUTPUT_FILE_0}\"\n";
			showEnvVarsInLog = 0;
		};
		2FDD7BA735AE7514FB2EA56A /* [CP] Copy Pods Resources */ = {
			isa = PBXShellScriptBuildPhase;
			buildActionMask = 2147483647;
			files = (
			);
			inputPaths = (
			);
			name = "[CP] Copy Pods Resources";
			outputPaths = (
			);
			runOnlyForDeploymentPostprocessing = 0;
			shellPath = /bin/sh;
			shellScript = "\"${SRCROOT}/Pods/Target Support Files/Pods-ConfluencePrototype/Pods-ConfluencePrototype-resources.sh\"\n";
			showEnvVarsInLog = 0;
		};
		5186540A633390EDA42DA1F0 /* [CP] Copy Pods Resources */ = {
			isa = PBXShellScriptBuildPhase;
			buildActionMask = 2147483647;
			files = (
			);
			inputPaths = (
			);
			name = "[CP] Copy Pods Resources";
			outputPaths = (
			);
			runOnlyForDeploymentPostprocessing = 0;
			shellPath = /bin/sh;
			shellScript = "\"${SRCROOT}/Pods/Target Support Files/Pods-ConfluencePrototypeUITests/Pods-ConfluencePrototypeUITests-resources.sh\"\n";
			showEnvVarsInLog = 0;
		};
		71D00B583ED2F5CBADD7D7EB /* [CP] Check Pods Manifest.lock */ = {
			isa = PBXShellScriptBuildPhase;
			buildActionMask = 2147483647;
			files = (
			);
			inputPaths = (
				"${PODS_PODFILE_DIR_PATH}/Podfile.lock",
				"${PODS_ROOT}/Manifest.lock",
			);
			name = "[CP] Check Pods Manifest.lock";
			outputPaths = (
				"$(DERIVED_FILE_DIR)/Pods-ConfluencePrototypeUITests-checkManifestLockResult.txt",
			);
			runOnlyForDeploymentPostprocessing = 0;
			shellPath = /bin/sh;
			shellScript = "diff \"${PODS_PODFILE_DIR_PATH}/Podfile.lock\" \"${PODS_ROOT}/Manifest.lock\" > /dev/null\nif [ $? != 0 ] ; then\n    # print error to STDERR\n    echo \"error: The sandbox is not in sync with the Podfile.lock. Run 'pod install' or update your CocoaPods installation.\" >&2\n    exit 1\nfi\n# This output is used by Xcode 'outputs' to avoid re-running this script phase.\necho \"SUCCESS\" > \"${SCRIPT_OUTPUT_FILE_0}\"\n";
			showEnvVarsInLog = 0;
		};
		9E42E772E6CFD0A0C4DEBF2B /* [CP] Embed Pods Frameworks */ = {
			isa = PBXShellScriptBuildPhase;
			buildActionMask = 2147483647;
			files = (
			);
			inputPaths = (
			);
			name = "[CP] Embed Pods Frameworks";
			outputPaths = (
			);
			runOnlyForDeploymentPostprocessing = 0;
			shellPath = /bin/sh;
			shellScript = "\"${SRCROOT}/Pods/Target Support Files/Pods-ConfluencePrototypeTests/Pods-ConfluencePrototypeTests-frameworks.sh\"\n";
			showEnvVarsInLog = 0;
		};
		BBA7B0C21CA491A1D17B789D /* [CP] Embed Pods Frameworks */ = {
			isa = PBXShellScriptBuildPhase;
			buildActionMask = 2147483647;
			files = (
			);
			inputPaths = (
				"${SRCROOT}/Pods/Target Support Files/Pods-ConfluencePrototype/Pods-ConfluencePrototype-frameworks.sh",
				"${BUILT_PRODUCTS_DIR}/GTMSessionFetcher/GTMSessionFetcher.framework",
				"${BUILT_PRODUCTS_DIR}/GoogleToolboxForMac/GoogleToolboxForMac.framework",
				"${BUILT_PRODUCTS_DIR}/leveldb-library/leveldb.framework",
				"${BUILT_PRODUCTS_DIR}/nanopb/nanopb.framework",
			);
			name = "[CP] Embed Pods Frameworks";
			outputPaths = (
				"${TARGET_BUILD_DIR}/${FRAMEWORKS_FOLDER_PATH}/GTMSessionFetcher.framework",
				"${TARGET_BUILD_DIR}/${FRAMEWORKS_FOLDER_PATH}/GoogleToolboxForMac.framework",
				"${TARGET_BUILD_DIR}/${FRAMEWORKS_FOLDER_PATH}/leveldb.framework",
				"${TARGET_BUILD_DIR}/${FRAMEWORKS_FOLDER_PATH}/nanopb.framework",
			);
			runOnlyForDeploymentPostprocessing = 0;
			shellPath = /bin/sh;
			shellScript = "\"${SRCROOT}/Pods/Target Support Files/Pods-ConfluencePrototype/Pods-ConfluencePrototype-frameworks.sh\"\n";
			showEnvVarsInLog = 0;
		};
		E79B6CA1724559C9A9FAFA0F /* [CP] Copy Pods Resources */ = {
			isa = PBXShellScriptBuildPhase;
			buildActionMask = 2147483647;
			files = (
			);
			inputPaths = (
			);
			name = "[CP] Copy Pods Resources";
			outputPaths = (
			);
			runOnlyForDeploymentPostprocessing = 0;
			shellPath = /bin/sh;
			shellScript = "\"${SRCROOT}/Pods/Target Support Files/Pods-ConfluencePrototypeTests/Pods-ConfluencePrototypeTests-resources.sh\"\n";
			showEnvVarsInLog = 0;
		};
		F3AE7D56F39CE8D674E066C6 /* [CP] Embed Pods Frameworks */ = {
			isa = PBXShellScriptBuildPhase;
			buildActionMask = 2147483647;
			files = (
			);
			inputPaths = (
			);
			name = "[CP] Embed Pods Frameworks";
			outputPaths = (
			);
			runOnlyForDeploymentPostprocessing = 0;
			shellPath = /bin/sh;
			shellScript = "\"${SRCROOT}/Pods/Target Support Files/Pods-ConfluencePrototypeUITests/Pods-ConfluencePrototypeUITests-frameworks.sh\"\n";
			showEnvVarsInLog = 0;
		};
/* End PBXShellScriptBuildPhase section */

/* Begin PBXSourcesBuildPhase section */
		A4DFA5651F7054DC0077BF82 /* Sources */ = {
			isa = PBXSourcesBuildPhase;
			buildActionMask = 2147483647;
			files = (
				A467B67F1F7D79B100B2B969 /* EngagedActivitiesView.swift in Sources */,
				A467B66F1F7C259A00B2B969 /* JourneyViewController.swift in Sources */,
				A47F82DF1F796011004AC67A /* EventAnnotation.swift in Sources */,
				A4E942DF1F7EC8BA004B5F26 /* LocationSearchTable.swift in Sources */,
				A47F82E31F796397004AC67A /* VCMapView.swift in Sources */,
				A4ECC50F1F815EF8006A8383 /* MapTableViewController.swift in Sources */,
				A467B6631F7C013200B2B969 /* User.swift in Sources */,
				A4DFA5711F7054DC0077BF82 /* ProfileViewController.swift in Sources */,
				A4ECC4F91F7FF246006A8383 /* CreateEventViewController.swift in Sources */,
				A4ECC4F71F7FEE09006A8383 /* MyActivitiesTableViewCell.swift in Sources */,
				A467B6611F7BFCAA00B2B969 /* RegisterViewController.swift in Sources */,
				A467B67D1F7D796500B2B969 /* MyActivitiesViewController.swift in Sources */,
				A4DFA56D1F7054DC0077BF82 /* AppDelegate.swift in Sources */,
				A4ECC4F31F7FCB5D006A8383 /* TabBarController.swift in Sources */,
				A4DFA56F1F7054DC0077BF82 /* MapViewController.swift in Sources */,
				A47F82D71F758914004AC67A /* ActivityViewController.swift in Sources */,
				A467B6811F7D7C6200B2B969 /* SearchViewController.swift in Sources */,
				A47F82F21F799495004AC67A /* TutorialPageViewController.swift in Sources */,
				A47F82E51F797D61004AC67A /* EventUnit.swift in Sources */,
				A4E9CCE61F7EE57D00D70DD8 /* SearchTableViewCell.swift in Sources */,
				A47F82E71F798033004AC67A /* Repository.swift in Sources */,
				A467B66B1F7C138A00B2B969 /* Manager.swift in Sources */,
				A4ECC4F51F7FECA2006A8383 /* EngagedTableViewCell.swift in Sources */,
			);
			runOnlyForDeploymentPostprocessing = 0;
		};
		A4DFA57B1F7054DD0077BF82 /* Sources */ = {
			isa = PBXSourcesBuildPhase;
			buildActionMask = 2147483647;
			files = (
				A4DFA5841F7054DD0077BF82 /* ConfluencePrototypeTests.swift in Sources */,
			);
			runOnlyForDeploymentPostprocessing = 0;
		};
		A4DFA5861F7054DD0077BF82 /* Sources */ = {
			isa = PBXSourcesBuildPhase;
			buildActionMask = 2147483647;
			files = (
				A4DFA58F1F7054DD0077BF82 /* ConfluencePrototypeUITests.swift in Sources */,
			);
			runOnlyForDeploymentPostprocessing = 0;
		};
/* End PBXSourcesBuildPhase section */

/* Begin PBXTargetDependency section */
		A4DFA5811F7054DD0077BF82 /* PBXTargetDependency */ = {
			isa = PBXTargetDependency;
			target = A4DFA5681F7054DC0077BF82 /* ConfluencePrototype */;
			targetProxy = A4DFA5801F7054DD0077BF82 /* PBXContainerItemProxy */;
		};
		A4DFA58C1F7054DD0077BF82 /* PBXTargetDependency */ = {
			isa = PBXTargetDependency;
			target = A4DFA5681F7054DC0077BF82 /* ConfluencePrototype */;
			targetProxy = A4DFA58B1F7054DD0077BF82 /* PBXContainerItemProxy */;
		};
/* End PBXTargetDependency section */

/* Begin PBXVariantGroup section */
		A4DFA5721F7054DC0077BF82 /* Main.storyboard */ = {
			isa = PBXVariantGroup;
			children = (
				A4DFA5731F7054DC0077BF82 /* Base */,
			);
			name = Main.storyboard;
			sourceTree = "<group>";
		};
		A4DFA5771F7054DC0077BF82 /* LaunchScreen.storyboard */ = {
			isa = PBXVariantGroup;
			children = (
				A4DFA5781F7054DC0077BF82 /* Base */,
			);
			name = LaunchScreen.storyboard;
			sourceTree = "<group>";
		};
/* End PBXVariantGroup section */

/* Begin XCBuildConfiguration section */
		A4DFA5911F7054DD0077BF82 /* Debug */ = {
			isa = XCBuildConfiguration;
			buildSettings = {
				ALWAYS_SEARCH_USER_PATHS = NO;
				CLANG_ANALYZER_NONNULL = YES;
				CLANG_ANALYZER_NUMBER_OBJECT_CONVERSION = YES_AGGRESSIVE;
				CLANG_CXX_LANGUAGE_STANDARD = "gnu++0x";
				CLANG_CXX_LIBRARY = "libc++";
				CLANG_ENABLE_MODULES = YES;
				CLANG_ENABLE_OBJC_ARC = YES;
				CLANG_WARN_BOOL_CONVERSION = YES;
				CLANG_WARN_CONSTANT_CONVERSION = YES;
				CLANG_WARN_DIRECT_OBJC_ISA_USAGE = YES_ERROR;
				CLANG_WARN_DOCUMENTATION_COMMENTS = YES;
				CLANG_WARN_EMPTY_BODY = YES;
				CLANG_WARN_ENUM_CONVERSION = YES;
				CLANG_WARN_INFINITE_RECURSION = YES;
				CLANG_WARN_INT_CONVERSION = YES;
				CLANG_WARN_OBJC_ROOT_CLASS = YES_ERROR;
				CLANG_WARN_SUSPICIOUS_MOVE = YES;
				CLANG_WARN_UNREACHABLE_CODE = YES;
				CLANG_WARN__DUPLICATE_METHOD_MATCH = YES;
				"CODE_SIGN_IDENTITY[sdk=iphoneos*]" = "iPhone Developer";
				COPY_PHASE_STRIP = NO;
				DEBUG_INFORMATION_FORMAT = dwarf;
				ENABLE_STRICT_OBJC_MSGSEND = YES;
				ENABLE_TESTABILITY = YES;
				GCC_C_LANGUAGE_STANDARD = gnu99;
				GCC_DYNAMIC_NO_PIC = NO;
				GCC_NO_COMMON_BLOCKS = YES;
				GCC_OPTIMIZATION_LEVEL = 0;
				GCC_PREPROCESSOR_DEFINITIONS = (
					"DEBUG=1",
					"$(inherited)",
				);
				GCC_WARN_64_TO_32_BIT_CONVERSION = YES;
				GCC_WARN_ABOUT_RETURN_TYPE = YES_ERROR;
				GCC_WARN_UNDECLARED_SELECTOR = YES;
				GCC_WARN_UNINITIALIZED_AUTOS = YES_AGGRESSIVE;
				GCC_WARN_UNUSED_FUNCTION = YES;
				GCC_WARN_UNUSED_VARIABLE = YES;
				IPHONEOS_DEPLOYMENT_TARGET = 10.3;
				MTL_ENABLE_DEBUG_INFO = YES;
				ONLY_ACTIVE_ARCH = YES;
				SDKROOT = iphoneos;
				SWIFT_ACTIVE_COMPILATION_CONDITIONS = DEBUG;
				SWIFT_OPTIMIZATION_LEVEL = "-Onone";
				TARGETED_DEVICE_FAMILY = "1,2";
			};
			name = Debug;
		};
		A4DFA5921F7054DD0077BF82 /* Release */ = {
			isa = XCBuildConfiguration;
			buildSettings = {
				ALWAYS_SEARCH_USER_PATHS = NO;
				CLANG_ANALYZER_NONNULL = YES;
				CLANG_ANALYZER_NUMBER_OBJECT_CONVERSION = YES_AGGRESSIVE;
				CLANG_CXX_LANGUAGE_STANDARD = "gnu++0x";
				CLANG_CXX_LIBRARY = "libc++";
				CLANG_ENABLE_MODULES = YES;
				CLANG_ENABLE_OBJC_ARC = YES;
				CLANG_WARN_BOOL_CONVERSION = YES;
				CLANG_WARN_CONSTANT_CONVERSION = YES;
				CLANG_WARN_DIRECT_OBJC_ISA_USAGE = YES_ERROR;
				CLANG_WARN_DOCUMENTATION_COMMENTS = YES;
				CLANG_WARN_EMPTY_BODY = YES;
				CLANG_WARN_ENUM_CONVERSION = YES;
				CLANG_WARN_INFINITE_RECURSION = YES;
				CLANG_WARN_INT_CONVERSION = YES;
				CLANG_WARN_OBJC_ROOT_CLASS = YES_ERROR;
				CLANG_WARN_SUSPICIOUS_MOVE = YES;
				CLANG_WARN_UNREACHABLE_CODE = YES;
				CLANG_WARN__DUPLICATE_METHOD_MATCH = YES;
				"CODE_SIGN_IDENTITY[sdk=iphoneos*]" = "iPhone Developer";
				COPY_PHASE_STRIP = NO;
				DEBUG_INFORMATION_FORMAT = "dwarf-with-dsym";
				ENABLE_NS_ASSERTIONS = NO;
				ENABLE_STRICT_OBJC_MSGSEND = YES;
				GCC_C_LANGUAGE_STANDARD = gnu99;
				GCC_NO_COMMON_BLOCKS = YES;
				GCC_WARN_64_TO_32_BIT_CONVERSION = YES;
				GCC_WARN_ABOUT_RETURN_TYPE = YES_ERROR;
				GCC_WARN_UNDECLARED_SELECTOR = YES;
				GCC_WARN_UNINITIALIZED_AUTOS = YES_AGGRESSIVE;
				GCC_WARN_UNUSED_FUNCTION = YES;
				GCC_WARN_UNUSED_VARIABLE = YES;
				IPHONEOS_DEPLOYMENT_TARGET = 10.3;
				MTL_ENABLE_DEBUG_INFO = NO;
				SDKROOT = iphoneos;
				SWIFT_OPTIMIZATION_LEVEL = "-Owholemodule";
				TARGETED_DEVICE_FAMILY = "1,2";
				VALIDATE_PRODUCT = YES;
			};
			name = Release;
		};
		A4DFA5941F7054DD0077BF82 /* Debug */ = {
			isa = XCBuildConfiguration;
			baseConfigurationReference = 914CC176C7B0BDA19A5B82E5 /* Pods-ConfluencePrototype.debug.xcconfig */;
			buildSettings = {
				ASSETCATALOG_COMPILER_APPICON_NAME = AppIcon;
				DEVELOPMENT_TEAM = NEW6GCULKR;
				INFOPLIST_FILE = ConfluencePrototype/Info.plist;
				LD_RUNPATH_SEARCH_PATHS = "$(inherited) @executable_path/Frameworks";
				PRODUCT_BUNDLE_IDENTIFIER = com.gabriel.ConfluencePrototype;
				PRODUCT_NAME = "$(TARGET_NAME)";
				SWIFT_VERSION = 3.0;
			};
			name = Debug;
		};
		A4DFA5951F7054DD0077BF82 /* Release */ = {
			isa = XCBuildConfiguration;
			baseConfigurationReference = B79E2161A525855A44853089 /* Pods-ConfluencePrototype.release.xcconfig */;
			buildSettings = {
				ASSETCATALOG_COMPILER_APPICON_NAME = AppIcon;
				DEVELOPMENT_TEAM = NEW6GCULKR;
				INFOPLIST_FILE = ConfluencePrototype/Info.plist;
				LD_RUNPATH_SEARCH_PATHS = "$(inherited) @executable_path/Frameworks";
				PRODUCT_BUNDLE_IDENTIFIER = com.gabriel.ConfluencePrototype;
				PRODUCT_NAME = "$(TARGET_NAME)";
				SWIFT_VERSION = 3.0;
			};
			name = Release;
		};
		A4DFA5971F7054DD0077BF82 /* Debug */ = {
			isa = XCBuildConfiguration;
			baseConfigurationReference = 5D7F628DF1E6BA131D7869C8 /* Pods-ConfluencePrototypeTests.debug.xcconfig */;
			buildSettings = {
				ALWAYS_EMBED_SWIFT_STANDARD_LIBRARIES = YES;
				BUNDLE_LOADER = "$(TEST_HOST)";
				INFOPLIST_FILE = ConfluencePrototypeTests/Info.plist;
				LD_RUNPATH_SEARCH_PATHS = "$(inherited) @executable_path/Frameworks @loader_path/Frameworks";
				PRODUCT_BUNDLE_IDENTIFIER = com.gabriel.ConfluencePrototypeTests;
				PRODUCT_NAME = "$(TARGET_NAME)";
				SWIFT_VERSION = 3.0;
				TEST_HOST = "$(BUILT_PRODUCTS_DIR)/ConfluencePrototype.app/ConfluencePrototype";
			};
			name = Debug;
		};
		A4DFA5981F7054DD0077BF82 /* Release */ = {
			isa = XCBuildConfiguration;
			baseConfigurationReference = F0E9BC9AF6C1337E99173BFE /* Pods-ConfluencePrototypeTests.release.xcconfig */;
			buildSettings = {
				ALWAYS_EMBED_SWIFT_STANDARD_LIBRARIES = YES;
				BUNDLE_LOADER = "$(TEST_HOST)";
				INFOPLIST_FILE = ConfluencePrototypeTests/Info.plist;
				LD_RUNPATH_SEARCH_PATHS = "$(inherited) @executable_path/Frameworks @loader_path/Frameworks";
				PRODUCT_BUNDLE_IDENTIFIER = com.gabriel.ConfluencePrototypeTests;
				PRODUCT_NAME = "$(TARGET_NAME)";
				SWIFT_VERSION = 3.0;
				TEST_HOST = "$(BUILT_PRODUCTS_DIR)/ConfluencePrototype.app/ConfluencePrototype";
			};
			name = Release;
		};
		A4DFA59A1F7054DD0077BF82 /* Debug */ = {
			isa = XCBuildConfiguration;
			baseConfigurationReference = CAD9D05FE5C5BB1048DDE737 /* Pods-ConfluencePrototypeUITests.debug.xcconfig */;
			buildSettings = {
				ALWAYS_EMBED_SWIFT_STANDARD_LIBRARIES = YES;
				INFOPLIST_FILE = ConfluencePrototypeUITests/Info.plist;
				LD_RUNPATH_SEARCH_PATHS = "$(inherited) @executable_path/Frameworks @loader_path/Frameworks";
				PRODUCT_BUNDLE_IDENTIFIER = com.gabriel.ConfluencePrototypeUITests;
				PRODUCT_NAME = "$(TARGET_NAME)";
				SWIFT_VERSION = 3.0;
				TEST_TARGET_NAME = ConfluencePrototype;
			};
			name = Debug;
		};
		A4DFA59B1F7054DD0077BF82 /* Release */ = {
			isa = XCBuildConfiguration;
			baseConfigurationReference = 185CAB1DD40D613795EED0A9 /* Pods-ConfluencePrototypeUITests.release.xcconfig */;
			buildSettings = {
				ALWAYS_EMBED_SWIFT_STANDARD_LIBRARIES = YES;
				INFOPLIST_FILE = ConfluencePrototypeUITests/Info.plist;
				LD_RUNPATH_SEARCH_PATHS = "$(inherited) @executable_path/Frameworks @loader_path/Frameworks";
				PRODUCT_BUNDLE_IDENTIFIER = com.gabriel.ConfluencePrototypeUITests;
				PRODUCT_NAME = "$(TARGET_NAME)";
				SWIFT_VERSION = 3.0;
				TEST_TARGET_NAME = ConfluencePrototype;
			};
			name = Release;
		};
/* End XCBuildConfiguration section */

/* Begin XCConfigurationList section */
		A4DFA5641F7054DC0077BF82 /* Build configuration list for PBXProject "ConfluencePrototype" */ = {
			isa = XCConfigurationList;
			buildConfigurations = (
				A4DFA5911F7054DD0077BF82 /* Debug */,
				A4DFA5921F7054DD0077BF82 /* Release */,
			);
			defaultConfigurationIsVisible = 0;
			defaultConfigurationName = Release;
		};
		A4DFA5931F7054DD0077BF82 /* Build configuration list for PBXNativeTarget "ConfluencePrototype" */ = {
			isa = XCConfigurationList;
			buildConfigurations = (
				A4DFA5941F7054DD0077BF82 /* Debug */,
				A4DFA5951F7054DD0077BF82 /* Release */,
			);
			defaultConfigurationIsVisible = 0;
			defaultConfigurationName = Release;
		};
		A4DFA5961F7054DD0077BF82 /* Build configuration list for PBXNativeTarget "ConfluencePrototypeTests" */ = {
			isa = XCConfigurationList;
			buildConfigurations = (
				A4DFA5971F7054DD0077BF82 /* Debug */,
				A4DFA5981F7054DD0077BF82 /* Release */,
			);
			defaultConfigurationIsVisible = 0;
			defaultConfigurationName = Release;
		};
		A4DFA5991F7054DD0077BF82 /* Build configuration list for PBXNativeTarget "ConfluencePrototypeUITests" */ = {
			isa = XCConfigurationList;
			buildConfigurations = (
				A4DFA59A1F7054DD0077BF82 /* Debug */,
				A4DFA59B1F7054DD0077BF82 /* Release */,
			);
			defaultConfigurationIsVisible = 0;
			defaultConfigurationName = Release;
		};
/* End XCConfigurationList section */
	};
	rootObject = A4DFA5611F7054DC0077BF82 /* Project object */;
}
